// !$*UTF8*$!
{
	archiveVersion = 1;
	classes = {
	};
	objectVersion = 46;
	objects = {

/* Begin PBXBuildFile section */
		C61007C415B7A33F00DA6D8E /* VWW_ColorsPickerViewController.m in Sources */ = {isa = PBXBuildFile; fileRef = C61007C315B7A33F00DA6D8E /* VWW_ColorsPickerViewController.m */; };
		C61007C915B7A5EE00DA6D8E /* VWW_ColorView.m in Sources */ = {isa = PBXBuildFile; fileRef = C61007C815B7A5EE00DA6D8E /* VWW_ColorView.m */; };
		C6153E3415B9518F008C6B72 /* VWW_ColorPickerImageView.m in Sources */ = {isa = PBXBuildFile; fileRef = C6153E3315B9518F008C6B72 /* VWW_ColorPickerImageView.m */; };
		C61FA62815B9310C0042E728 /* VWW_AboutViewController.m in Sources */ = {isa = PBXBuildFile; fileRef = C61FA62215B9310C0042E728 /* VWW_AboutViewController.m */; };
		C61FA62A15B9310C0042E728 /* VWW_WebService.m in Sources */ = {isa = PBXBuildFile; fileRef = C61FA62715B9310C0042E728 /* VWW_WebService.m */; };
		C6295FB315B7AFA3009B2306 /* todo.txt in Resources */ = {isa = PBXBuildFile; fileRef = C6295FB215B7AFA3009B2306 /* todo.txt */; };
		C65991E815BE4BEE0025C610 /* VWW_Colors.m in Sources */ = {isa = PBXBuildFile; fileRef = C65991E715BE4BEE0025C610 /* VWW_Colors.m */; };
		C65DA6CB15C52B530041D143 /* VWW_GradientImageTableViewController.m in Sources */ = {isa = PBXBuildFile; fileRef = C65DA6CA15C52B530041D143 /* VWW_GradientImageTableViewController.m */; };
		C65DA6CF15C52C010041D143 /* VWW_GradientImageTableCell.m in Sources */ = {isa = PBXBuildFile; fileRef = C65DA6CE15C52C010041D143 /* VWW_GradientImageTableCell.m */; };
		C662A71715B73D4500F4E48F /* UIKit.framework in Frameworks */ = {isa = PBXBuildFile; fileRef = C662A71615B73D4500F4E48F /* UIKit.framework */; };
		C662A71915B73D4500F4E48F /* Foundation.framework in Frameworks */ = {isa = PBXBuildFile; fileRef = C662A71815B73D4500F4E48F /* Foundation.framework */; };
		C662A71B15B73D4500F4E48F /* CoreGraphics.framework in Frameworks */ = {isa = PBXBuildFile; fileRef = C662A71A15B73D4500F4E48F /* CoreGraphics.framework */; };
		C662A72115B73D4500F4E48F /* InfoPlist.strings in Resources */ = {isa = PBXBuildFile; fileRef = C662A71F15B73D4500F4E48F /* InfoPlist.strings */; };
		C662A72315B73D4500F4E48F /* main.m in Sources */ = {isa = PBXBuildFile; fileRef = C662A72215B73D4500F4E48F /* main.m */; };
		C662A72715B73D4500F4E48F /* VWW_AppDelegate.m in Sources */ = {isa = PBXBuildFile; fileRef = C662A72615B73D4500F4E48F /* VWW_AppDelegate.m */; };
		C662A72A15B73D4500F4E48F /* MainStoryboard_iPhone.storyboard in Resources */ = {isa = PBXBuildFile; fileRef = C662A72815B73D4500F4E48F /* MainStoryboard_iPhone.storyboard */; };
		C662A72D15B73D4500F4E48F /* MainStoryboard_iPad.storyboard in Resources */ = {isa = PBXBuildFile; fileRef = C662A72B15B73D4500F4E48F /* MainStoryboard_iPad.storyboard */; };
		C662A73815B73D4500F4E48F /* SenTestingKit.framework in Frameworks */ = {isa = PBXBuildFile; fileRef = C662A73715B73D4500F4E48F /* SenTestingKit.framework */; };
		C662A73915B73D4500F4E48F /* UIKit.framework in Frameworks */ = {isa = PBXBuildFile; fileRef = C662A71615B73D4500F4E48F /* UIKit.framework */; };
		C662A73A15B73D4500F4E48F /* Foundation.framework in Frameworks */ = {isa = PBXBuildFile; fileRef = C662A71815B73D4500F4E48F /* Foundation.framework */; };
		C662A74215B73D4500F4E48F /* InfoPlist.strings in Resources */ = {isa = PBXBuildFile; fileRef = C662A74015B73D4500F4E48F /* InfoPlist.strings */; };
		C662A75D15B741F500F4E48F /* VWW_Color.m in Sources */ = {isa = PBXBuildFile; fileRef = C662A75C15B741F500F4E48F /* VWW_Color.m */; };
		C662A76215B744A900F4E48F /* VWW_FileReader.m in Sources */ = {isa = PBXBuildFile; fileRef = C662A76115B744A900F4E48F /* VWW_FileReader.m */; };
		C662A76515B754B900F4E48F /* VWW_ColorsTableViewController.m in Sources */ = {isa = PBXBuildFile; fileRef = C662A76415B754B900F4E48F /* VWW_ColorsTableViewController.m */; };
		C662A76C15B7894600F4E48F /* NSNumber+htmlValue.m in Sources */ = {isa = PBXBuildFile; fileRef = C662A76B15B7894600F4E48F /* NSNumber+htmlValue.m */; };
		C662A77215B78C5400F4E48F /* VWW_ColorTableCell.m in Sources */ = {isa = PBXBuildFile; fileRef = C662A77115B78C5400F4E48F /* VWW_ColorTableCell.m */; };
		C662A77515B791A900F4E48F /* VWW_ColorsSliderViewController.m in Sources */ = {isa = PBXBuildFile; fileRef = C662A77415B791A900F4E48F /* VWW_ColorsSliderViewController.m */; };
		C66D155B17FBA3AE004D3E75 /* Images.xcassets in Resources */ = {isa = PBXBuildFile; fileRef = C66D155A17FBA3AE004D3E75 /* Images.xcassets */; };
		C66D156117FBA7C8004D3E75 /* VWW_TabBarController.m in Sources */ = {isa = PBXBuildFile; fileRef = C66D156017FBA7C8004D3E75 /* VWW_TabBarController.m */; };
		C66D156917FBAB21004D3E75 /* VWW_SettingsViewController.m in Sources */ = {isa = PBXBuildFile; fileRef = C66D156817FBAB21004D3E75 /* VWW_SettingsViewController.m */; };
		C66D157017FBAE39004D3E75 /* Localizable.strings in Resources */ = {isa = PBXBuildFile; fileRef = C66D157217FBAE39004D3E75 /* Localizable.strings */; };
		C6B35AA81639FFC8001D7759 /* AVFoundation.framework in Frameworks */ = {isa = PBXBuildFile; fileRef = C6B35AA71639FFC8001D7759 /* AVFoundation.framework */; };
		C6B35AAC163A0027001D7759 /* CoreMedia.framework in Frameworks */ = {isa = PBXBuildFile; fileRef = C6B35AA9163A0027001D7759 /* CoreMedia.framework */; };
		C6B35AAD163A0027001D7759 /* CoreVideo.framework in Frameworks */ = {isa = PBXBuildFile; fileRef = C6B35AAA163A0027001D7759 /* CoreVideo.framework */; };
		C6B35AAE163A0027001D7759 /* QuartzCore.framework in Frameworks */ = {isa = PBXBuildFile; fileRef = C6B35AAB163A0027001D7759 /* QuartzCore.framework */; };
		C6BB4B0815C373A6001E372C /* VWW_ColorPickerImageViewCrosshairsView.m in Sources */ = {isa = PBXBuildFile; fileRef = C6BB4B0715C373A6001E372C /* VWW_ColorPickerImageViewCrosshairsView.m */; };
		C6BB4B1715C39502001E372C /* VWW_ColorsCameraViewController.m in Sources */ = {isa = PBXBuildFile; fileRef = C6BB4B0F15C38B5C001E372C /* VWW_ColorsCameraViewController.m */; };
		C6BB4B2215C39B69001E372C /* VWW_ColorsCameraPreviewView.m in Sources */ = {isa = PBXBuildFile; fileRef = C6BB4B2115C39B69001E372C /* VWW_ColorsCameraPreviewView.m */; };
		C6BB4B3415C4F398001E372C /* custom.strings in Resources */ = {isa = PBXBuildFile; fileRef = C6BB4B3315C4F398001E372C /* custom.strings */; };
		C6D98D1615C23AC7002A85F0 /* VWW_Colors_unittest.m in Sources */ = {isa = PBXBuildFile; fileRef = C6D98D1515C23AC7002A85F0 /* VWW_Colors_unittest.m */; };
		C6D98D1815C23CE7002A85F0 /* ColorBlindTests.m in Sources */ = {isa = PBXBuildFile; fileRef = C6D98D1715C23CE7002A85F0 /* ColorBlindTests.m */; };
		C6E45D4D15BE6D3A00626750 /* VWW_ColorViewContoller.m in Sources */ = {isa = PBXBuildFile; fileRef = C6E45D4C15BE6D3A00626750 /* VWW_ColorViewContoller.m */; };
		C6E45D5215BE786E00626750 /* colors_simple.csv in Resources */ = {isa = PBXBuildFile; fileRef = C6E45D5015BE786E00626750 /* colors_simple.csv */; };
		C6E45D5315BE786E00626750 /* colors_complex.csv in Resources */ = {isa = PBXBuildFile; fileRef = C6E45D5115BE786E00626750 /* colors_complex.csv */; };
		C6F3338815B8BFD600477797 /* VWW_ColorPickerView.m in Sources */ = {isa = PBXBuildFile; fileRef = C6F3338715B8BFD600477797 /* VWW_ColorPickerView.m */; };
		C6F3338D15B8C22B00477797 /* README.txt in Resources */ = {isa = PBXBuildFile; fileRef = C6F3338C15B8C22B00477797 /* README.txt */; };
		C6F7536615C616A400911E59 /* VWW_ColorTableCellColorView.m in Sources */ = {isa = PBXBuildFile; fileRef = C6F7536515C616A400911E59 /* VWW_ColorTableCellColorView.m */; };
		C6FCF7C715CA3703005D135C /* data.plist in Resources */ = {isa = PBXBuildFile; fileRef = C6FCF7C615CA3703005D135C /* data.plist */; };
/* End PBXBuildFile section */

/* Begin PBXContainerItemProxy section */
		C662A73B15B73D4500F4E48F /* PBXContainerItemProxy */ = {
			isa = PBXContainerItemProxy;
			containerPortal = C662A70915B73D4400F4E48F /* Project object */;
			proxyType = 1;
			remoteGlobalIDString = C662A71115B73D4400F4E48F;
			remoteInfo = ColorBlind;
		};
/* End PBXContainerItemProxy section */

/* Begin PBXFileReference section */
		C61007C215B7A33F00DA6D8E /* VWW_ColorsPickerViewController.h */ = {isa = PBXFileReference; fileEncoding = 4; lastKnownFileType = sourcecode.c.h; path = VWW_ColorsPickerViewController.h; sourceTree = "<group>"; };
		C61007C315B7A33F00DA6D8E /* VWW_ColorsPickerViewController.m */ = {isa = PBXFileReference; fileEncoding = 4; lastKnownFileType = sourcecode.c.objc; path = VWW_ColorsPickerViewController.m; sourceTree = "<group>"; };
		C61007C515B7A4CC00DA6D8E /* VWW_ColorsProtocol.h */ = {isa = PBXFileReference; lastKnownFileType = sourcecode.c.h; path = VWW_ColorsProtocol.h; sourceTree = "<group>"; };
		C61007C715B7A5EE00DA6D8E /* VWW_ColorView.h */ = {isa = PBXFileReference; fileEncoding = 4; lastKnownFileType = sourcecode.c.h; path = VWW_ColorView.h; sourceTree = "<group>"; };
		C61007C815B7A5EE00DA6D8E /* VWW_ColorView.m */ = {isa = PBXFileReference; fileEncoding = 4; lastKnownFileType = sourcecode.c.objc; path = VWW_ColorView.m; sourceTree = "<group>"; };
		C6153E3215B9518F008C6B72 /* VWW_ColorPickerImageView.h */ = {isa = PBXFileReference; fileEncoding = 4; lastKnownFileType = sourcecode.c.h; path = VWW_ColorPickerImageView.h; sourceTree = "<group>"; };
		C6153E3315B9518F008C6B72 /* VWW_ColorPickerImageView.m */ = {isa = PBXFileReference; fileEncoding = 4; lastKnownFileType = sourcecode.c.objc; path = VWW_ColorPickerImageView.m; sourceTree = "<group>"; };
		C61FA62115B9310C0042E728 /* VWW_AboutViewController.h */ = {isa = PBXFileReference; fileEncoding = 4; lastKnownFileType = sourcecode.c.h; path = VWW_AboutViewController.h; sourceTree = "<group>"; };
		C61FA62215B9310C0042E728 /* VWW_AboutViewController.m */ = {isa = PBXFileReference; fileEncoding = 4; lastKnownFileType = sourcecode.c.objc; path = VWW_AboutViewController.m; sourceTree = "<group>"; };
		C61FA62315B9310C0042E728 /* VWW_ColorBlind_Configurations.h */ = {isa = PBXFileReference; fileEncoding = 4; lastKnownFileType = sourcecode.c.h; path = VWW_ColorBlind_Configurations.h; sourceTree = "<group>"; };
		C61FA62615B9310C0042E728 /* VWW_WebService.h */ = {isa = PBXFileReference; fileEncoding = 4; lastKnownFileType = sourcecode.c.h; path = VWW_WebService.h; sourceTree = "<group>"; };
		C61FA62715B9310C0042E728 /* VWW_WebService.m */ = {isa = PBXFileReference; fileEncoding = 4; lastKnownFileType = sourcecode.c.objc; path = VWW_WebService.m; sourceTree = "<group>"; };
		C6295FB215B7AFA3009B2306 /* todo.txt */ = {isa = PBXFileReference; fileEncoding = 4; lastKnownFileType = text; name = todo.txt; path = ../ColorBlind/todo.txt; sourceTree = "<group>"; };
		C65991E615BE4BEE0025C610 /* VWW_Colors.h */ = {isa = PBXFileReference; fileEncoding = 4; lastKnownFileType = sourcecode.c.h; path = VWW_Colors.h; sourceTree = "<group>"; };
		C65991E715BE4BEE0025C610 /* VWW_Colors.m */ = {isa = PBXFileReference; fileEncoding = 4; lastKnownFileType = sourcecode.c.objc; path = VWW_Colors.m; sourceTree = "<group>"; };
		C65DA6C915C52B530041D143 /* VWW_GradientImageTableViewController.h */ = {isa = PBXFileReference; fileEncoding = 4; lastKnownFileType = sourcecode.c.h; path = VWW_GradientImageTableViewController.h; sourceTree = "<group>"; };
		C65DA6CA15C52B530041D143 /* VWW_GradientImageTableViewController.m */ = {isa = PBXFileReference; fileEncoding = 4; lastKnownFileType = sourcecode.c.objc; path = VWW_GradientImageTableViewController.m; sourceTree = "<group>"; };
		C65DA6CD15C52C010041D143 /* VWW_GradientImageTableCell.h */ = {isa = PBXFileReference; fileEncoding = 4; lastKnownFileType = sourcecode.c.h; path = VWW_GradientImageTableCell.h; sourceTree = "<group>"; };
		C65DA6CE15C52C010041D143 /* VWW_GradientImageTableCell.m */ = {isa = PBXFileReference; fileEncoding = 4; lastKnownFileType = sourcecode.c.objc; path = VWW_GradientImageTableCell.m; sourceTree = "<group>"; };
		C662A71215B73D4500F4E48F /* ColorBlind.app */ = {isa = PBXFileReference; explicitFileType = wrapper.application; includeInIndex = 0; path = ColorBlind.app; sourceTree = BUILT_PRODUCTS_DIR; };
		C662A71615B73D4500F4E48F /* UIKit.framework */ = {isa = PBXFileReference; lastKnownFileType = wrapper.framework; name = UIKit.framework; path = System/Library/Frameworks/UIKit.framework; sourceTree = SDKROOT; };
		C662A71815B73D4500F4E48F /* Foundation.framework */ = {isa = PBXFileReference; lastKnownFileType = wrapper.framework; name = Foundation.framework; path = System/Library/Frameworks/Foundation.framework; sourceTree = SDKROOT; };
		C662A71A15B73D4500F4E48F /* CoreGraphics.framework */ = {isa = PBXFileReference; lastKnownFileType = wrapper.framework; name = CoreGraphics.framework; path = System/Library/Frameworks/CoreGraphics.framework; sourceTree = SDKROOT; };
		C662A71E15B73D4500F4E48F /* ColorBlind-Info.plist */ = {isa = PBXFileReference; lastKnownFileType = text.plist.xml; path = "ColorBlind-Info.plist"; sourceTree = "<group>"; };
		C662A72015B73D4500F4E48F /* en */ = {isa = PBXFileReference; lastKnownFileType = text.plist.strings; name = en; path = en.lproj/InfoPlist.strings; sourceTree = "<group>"; };
		C662A72215B73D4500F4E48F /* main.m */ = {isa = PBXFileReference; lastKnownFileType = sourcecode.c.objc; path = main.m; sourceTree = "<group>"; };
		C662A72415B73D4500F4E48F /* ColorBlind-Prefix.pch */ = {isa = PBXFileReference; lastKnownFileType = sourcecode.c.h; path = "ColorBlind-Prefix.pch"; sourceTree = "<group>"; };
		C662A72515B73D4500F4E48F /* VWW_AppDelegate.h */ = {isa = PBXFileReference; lastKnownFileType = sourcecode.c.h; path = VWW_AppDelegate.h; sourceTree = "<group>"; };
		C662A72615B73D4500F4E48F /* VWW_AppDelegate.m */ = {isa = PBXFileReference; lastKnownFileType = sourcecode.c.objc; path = VWW_AppDelegate.m; sourceTree = "<group>"; };
		C662A72915B73D4500F4E48F /* en */ = {isa = PBXFileReference; lastKnownFileType = file.storyboard; name = en; path = en.lproj/MainStoryboard_iPhone.storyboard; sourceTree = "<group>"; };
		C662A72C15B73D4500F4E48F /* en */ = {isa = PBXFileReference; lastKnownFileType = file.storyboard; name = en; path = en.lproj/MainStoryboard_iPad.storyboard; sourceTree = "<group>"; };
		C662A73615B73D4500F4E48F /* ColorBlindTests.octest */ = {isa = PBXFileReference; explicitFileType = wrapper.cfbundle; includeInIndex = 0; path = ColorBlindTests.octest; sourceTree = BUILT_PRODUCTS_DIR; };
		C662A73715B73D4500F4E48F /* SenTestingKit.framework */ = {isa = PBXFileReference; lastKnownFileType = wrapper.framework; name = SenTestingKit.framework; path = Library/Frameworks/SenTestingKit.framework; sourceTree = DEVELOPER_DIR; };
		C662A73F15B73D4500F4E48F /* ColorBlindTests-Info.plist */ = {isa = PBXFileReference; lastKnownFileType = text.plist.xml; path = "ColorBlindTests-Info.plist"; sourceTree = "<group>"; };
		C662A74115B73D4500F4E48F /* en */ = {isa = PBXFileReference; lastKnownFileType = text.plist.strings; name = en; path = en.lproj/InfoPlist.strings; sourceTree = "<group>"; };
		C662A75B15B741F500F4E48F /* VWW_Color.h */ = {isa = PBXFileReference; fileEncoding = 4; lastKnownFileType = sourcecode.c.h; path = VWW_Color.h; sourceTree = "<group>"; };
		C662A75C15B741F500F4E48F /* VWW_Color.m */ = {isa = PBXFileReference; fileEncoding = 4; lastKnownFileType = sourcecode.c.objc; path = VWW_Color.m; sourceTree = "<group>"; };
		C662A76015B744A900F4E48F /* VWW_FileReader.h */ = {isa = PBXFileReference; fileEncoding = 4; lastKnownFileType = sourcecode.c.h; path = VWW_FileReader.h; sourceTree = "<group>"; };
		C662A76115B744A900F4E48F /* VWW_FileReader.m */ = {isa = PBXFileReference; fileEncoding = 4; lastKnownFileType = sourcecode.c.objc; path = VWW_FileReader.m; sourceTree = "<group>"; };
		C662A76315B754B900F4E48F /* VWW_ColorsTableViewController.h */ = {isa = PBXFileReference; fileEncoding = 4; lastKnownFileType = sourcecode.c.h; path = VWW_ColorsTableViewController.h; sourceTree = "<group>"; };
		C662A76415B754B900F4E48F /* VWW_ColorsTableViewController.m */ = {isa = PBXFileReference; fileEncoding = 4; lastKnownFileType = sourcecode.c.objc; path = VWW_ColorsTableViewController.m; sourceTree = "<group>"; };
		C662A76A15B7894600F4E48F /* NSNumber+htmlValue.h */ = {isa = PBXFileReference; fileEncoding = 4; lastKnownFileType = sourcecode.c.h; path = "NSNumber+htmlValue.h"; sourceTree = "<group>"; };
		C662A76B15B7894600F4E48F /* NSNumber+htmlValue.m */ = {isa = PBXFileReference; fileEncoding = 4; lastKnownFileType = sourcecode.c.objc; path = "NSNumber+htmlValue.m"; sourceTree = "<group>"; };
		C662A77015B78C5300F4E48F /* VWW_ColorTableCell.h */ = {isa = PBXFileReference; fileEncoding = 4; lastKnownFileType = sourcecode.c.h; path = VWW_ColorTableCell.h; sourceTree = "<group>"; };
		C662A77115B78C5400F4E48F /* VWW_ColorTableCell.m */ = {isa = PBXFileReference; fileEncoding = 4; lastKnownFileType = sourcecode.c.objc; path = VWW_ColorTableCell.m; sourceTree = "<group>"; };
		C662A77315B791A900F4E48F /* VWW_ColorsSliderViewController.h */ = {isa = PBXFileReference; fileEncoding = 4; lastKnownFileType = sourcecode.c.h; path = VWW_ColorsSliderViewController.h; sourceTree = "<group>"; };
		C662A77415B791A900F4E48F /* VWW_ColorsSliderViewController.m */ = {isa = PBXFileReference; fileEncoding = 4; lastKnownFileType = sourcecode.c.objc; path = VWW_ColorsSliderViewController.m; sourceTree = "<group>"; };
		C66D155A17FBA3AE004D3E75 /* Images.xcassets */ = {isa = PBXFileReference; lastKnownFileType = folder.assetcatalog; name = Images.xcassets; path = ../docs/Images.xcassets; sourceTree = "<group>"; };
		C66D155F17FBA7C8004D3E75 /* VWW_TabBarController.h */ = {isa = PBXFileReference; fileEncoding = 4; lastKnownFileType = sourcecode.c.h; path = VWW_TabBarController.h; sourceTree = "<group>"; };
		C66D156017FBA7C8004D3E75 /* VWW_TabBarController.m */ = {isa = PBXFileReference; fileEncoding = 4; lastKnownFileType = sourcecode.c.objc; path = VWW_TabBarController.m; sourceTree = "<group>"; };
		C66D156717FBAB21004D3E75 /* VWW_SettingsViewController.h */ = {isa = PBXFileReference; fileEncoding = 4; lastKnownFileType = sourcecode.c.h; path = VWW_SettingsViewController.h; sourceTree = "<group>"; };
		C66D156817FBAB21004D3E75 /* VWW_SettingsViewController.m */ = {isa = PBXFileReference; fileEncoding = 4; lastKnownFileType = sourcecode.c.objc; path = VWW_SettingsViewController.m; sourceTree = "<group>"; };
		C66D156C17FBADD0004D3E75 /* es */ = {isa = PBXFileReference; lastKnownFileType = file.storyboard; name = es; path = es.lproj/MainStoryboard_iPhone.storyboard; sourceTree = "<group>"; };
		C66D156D17FBADD0004D3E75 /* es */ = {isa = PBXFileReference; lastKnownFileType = file.storyboard; name = es; path = es.lproj/MainStoryboard_iPad.storyboard; sourceTree = "<group>"; };
		C66D156E17FBADD0004D3E75 /* es */ = {isa = PBXFileReference; lastKnownFileType = text.plist.strings; name = es; path = es.lproj/InfoPlist.strings; sourceTree = "<group>"; };
		C66D156F17FBADD0004D3E75 /* es */ = {isa = PBXFileReference; lastKnownFileType = text.plist.strings; name = es; path = es.lproj/InfoPlist.strings; sourceTree = "<group>"; };
		C66D157117FBAE39004D3E75 /* en */ = {isa = PBXFileReference; lastKnownFileType = file; name = en; path = en.lproj/Localizable.strings; sourceTree = "<group>"; };
		C66D157317FBAE46004D3E75 /* es */ = {isa = PBXFileReference; lastKnownFileType = file; name = es; path = es.lproj/Localizable.strings; sourceTree = "<group>"; };
		C6B35AA71639FFC8001D7759 /* AVFoundation.framework */ = {isa = PBXFileReference; lastKnownFileType = wrapper.framework; name = AVFoundation.framework; path = System/Library/Frameworks/AVFoundation.framework; sourceTree = SDKROOT; };
		C6B35AA9163A0027001D7759 /* CoreMedia.framework */ = {isa = PBXFileReference; lastKnownFileType = wrapper.framework; name = CoreMedia.framework; path = System/Library/Frameworks/CoreMedia.framework; sourceTree = SDKROOT; };
		C6B35AAA163A0027001D7759 /* CoreVideo.framework */ = {isa = PBXFileReference; lastKnownFileType = wrapper.framework; name = CoreVideo.framework; path = System/Library/Frameworks/CoreVideo.framework; sourceTree = SDKROOT; };
		C6B35AAB163A0027001D7759 /* QuartzCore.framework */ = {isa = PBXFileReference; lastKnownFileType = wrapper.framework; name = QuartzCore.framework; path = System/Library/Frameworks/QuartzCore.framework; sourceTree = SDKROOT; };
		C6BB4B0615C373A5001E372C /* VWW_ColorPickerImageViewCrosshairsView.h */ = {isa = PBXFileReference; fileEncoding = 4; lastKnownFileType = sourcecode.c.h; path = VWW_ColorPickerImageViewCrosshairsView.h; sourceTree = "<group>"; };
		C6BB4B0715C373A6001E372C /* VWW_ColorPickerImageViewCrosshairsView.m */ = {isa = PBXFileReference; fileEncoding = 4; lastKnownFileType = sourcecode.c.objc; path = VWW_ColorPickerImageViewCrosshairsView.m; sourceTree = "<group>"; };
		C6BB4B0E15C38B5C001E372C /* VWW_ColorsCameraViewController.h */ = {isa = PBXFileReference; fileEncoding = 4; lastKnownFileType = sourcecode.c.h; path = VWW_ColorsCameraViewController.h; sourceTree = "<group>"; };
		C6BB4B0F15C38B5C001E372C /* VWW_ColorsCameraViewController.m */ = {isa = PBXFileReference; fileEncoding = 4; lastKnownFileType = sourcecode.c.objc; path = VWW_ColorsCameraViewController.m; sourceTree = "<group>"; };
		C6BB4B2015C39B69001E372C /* VWW_ColorsCameraPreviewView.h */ = {isa = PBXFileReference; fileEncoding = 4; lastKnownFileType = sourcecode.c.h; path = VWW_ColorsCameraPreviewView.h; sourceTree = "<group>"; };
		C6BB4B2115C39B69001E372C /* VWW_ColorsCameraPreviewView.m */ = {isa = PBXFileReference; fileEncoding = 4; lastKnownFileType = sourcecode.c.objc; path = VWW_ColorsCameraPreviewView.m; sourceTree = "<group>"; };
		C6BB4B3315C4F398001E372C /* custom.strings */ = {isa = PBXFileReference; fileEncoding = 4; lastKnownFileType = text.plist.strings; path = custom.strings; sourceTree = "<group>"; };
		C6D98D1415C23AC7002A85F0 /* VWW_Colors_unittest.h */ = {isa = PBXFileReference; fileEncoding = 4; lastKnownFileType = sourcecode.c.h; path = VWW_Colors_unittest.h; sourceTree = "<group>"; };
		C6D98D1515C23AC7002A85F0 /* VWW_Colors_unittest.m */ = {isa = PBXFileReference; fileEncoding = 4; lastKnownFileType = sourcecode.c.objc; path = VWW_Colors_unittest.m; sourceTree = "<group>"; };
		C6D98D1715C23CE7002A85F0 /* ColorBlindTests.m */ = {isa = PBXFileReference; fileEncoding = 4; lastKnownFileType = sourcecode.c.objc; path = ColorBlindTests.m; sourceTree = "<group>"; };
		C6D98D1915C23CED002A85F0 /* ColorBlindTests.h */ = {isa = PBXFileReference; fileEncoding = 4; lastKnownFileType = sourcecode.c.h; path = ColorBlindTests.h; sourceTree = "<group>"; };
		C6E45D4B15BE6D3A00626750 /* VWW_ColorViewContoller.h */ = {isa = PBXFileReference; fileEncoding = 4; lastKnownFileType = sourcecode.c.h; path = VWW_ColorViewContoller.h; sourceTree = "<group>"; };
		C6E45D4C15BE6D3A00626750 /* VWW_ColorViewContoller.m */ = {isa = PBXFileReference; fileEncoding = 4; lastKnownFileType = sourcecode.c.objc; path = VWW_ColorViewContoller.m; sourceTree = "<group>"; };
		C6E45D5015BE786E00626750 /* colors_simple.csv */ = {isa = PBXFileReference; fileEncoding = 4; lastKnownFileType = text; path = colors_simple.csv; sourceTree = "<group>"; };
		C6E45D5115BE786E00626750 /* colors_complex.csv */ = {isa = PBXFileReference; fileEncoding = 4; lastKnownFileType = text; path = colors_complex.csv; sourceTree = "<group>"; };
		C6F3338615B8BFD600477797 /* VWW_ColorPickerView.h */ = {isa = PBXFileReference; fileEncoding = 4; lastKnownFileType = sourcecode.c.h; path = VWW_ColorPickerView.h; sourceTree = "<group>"; };
		C6F3338715B8BFD600477797 /* VWW_ColorPickerView.m */ = {isa = PBXFileReference; fileEncoding = 4; lastKnownFileType = sourcecode.c.objc; path = VWW_ColorPickerView.m; sourceTree = "<group>"; };
		C6F3338C15B8C22B00477797 /* README.txt */ = {isa = PBXFileReference; fileEncoding = 4; lastKnownFileType = text; name = README.txt; path = ../README.txt; sourceTree = "<group>"; };
		C6F7536415C616A400911E59 /* VWW_ColorTableCellColorView.h */ = {isa = PBXFileReference; fileEncoding = 4; lastKnownFileType = sourcecode.c.h; path = VWW_ColorTableCellColorView.h; sourceTree = "<group>"; };
		C6F7536515C616A400911E59 /* VWW_ColorTableCellColorView.m */ = {isa = PBXFileReference; fileEncoding = 4; lastKnownFileType = sourcecode.c.objc; path = VWW_ColorTableCellColorView.m; sourceTree = "<group>"; };
		C6FCF7C615CA3703005D135C /* data.plist */ = {isa = PBXFileReference; fileEncoding = 4; lastKnownFileType = text.plist.xml; path = data.plist; sourceTree = "<group>"; };
/* End PBXFileReference section */

/* Begin PBXFrameworksBuildPhase section */
		C662A70F15B73D4400F4E48F /* Frameworks */ = {
			isa = PBXFrameworksBuildPhase;
			buildActionMask = 2147483647;
			files = (
				C6B35AAC163A0027001D7759 /* CoreMedia.framework in Frameworks */,
				C6B35AAD163A0027001D7759 /* CoreVideo.framework in Frameworks */,
				C6B35AAE163A0027001D7759 /* QuartzCore.framework in Frameworks */,
				C6B35AA81639FFC8001D7759 /* AVFoundation.framework in Frameworks */,
				C662A71715B73D4500F4E48F /* UIKit.framework in Frameworks */,
				C662A71915B73D4500F4E48F /* Foundation.framework in Frameworks */,
				C662A71B15B73D4500F4E48F /* CoreGraphics.framework in Frameworks */,
			);
			runOnlyForDeploymentPostprocessing = 0;
		};
		C662A73215B73D4500F4E48F /* Frameworks */ = {
			isa = PBXFrameworksBuildPhase;
			buildActionMask = 2147483647;
			files = (
				C662A73815B73D4500F4E48F /* SenTestingKit.framework in Frameworks */,
				C662A73915B73D4500F4E48F /* UIKit.framework in Frameworks */,
				C662A73A15B73D4500F4E48F /* Foundation.framework in Frameworks */,
			);
			runOnlyForDeploymentPostprocessing = 0;
		};
/* End PBXFrameworksBuildPhase section */

/* Begin PBXGroup section */
		C61FA62F15B931C20042E728 /* Storyboards */ = {
			isa = PBXGroup;
			children = (
				C662A72815B73D4500F4E48F /* MainStoryboard_iPhone.storyboard */,
				C662A72B15B73D4500F4E48F /* MainStoryboard_iPad.storyboard */,
			);
			name = Storyboards;
			sourceTree = "<group>";
		};
		C662A70715B73D4400F4E48F = {
			isa = PBXGroup;
			children = (
				C662A71C15B73D4500F4E48F /* ColorBlind */,
				C662A73D15B73D4500F4E48F /* ColorBlindTests */,
				C662A71515B73D4500F4E48F /* Frameworks */,
				C662A71315B73D4500F4E48F /* Products */,
			);
			sourceTree = "<group>";
		};
		C662A71315B73D4500F4E48F /* Products */ = {
			isa = PBXGroup;
			children = (
				C662A71215B73D4500F4E48F /* ColorBlind.app */,
				C662A73615B73D4500F4E48F /* ColorBlindTests.octest */,
			);
			name = Products;
			sourceTree = "<group>";
		};
		C662A71515B73D4500F4E48F /* Frameworks */ = {
			isa = PBXGroup;
			children = (
				C6B35AA9163A0027001D7759 /* CoreMedia.framework */,
				C6B35AAA163A0027001D7759 /* CoreVideo.framework */,
				C6B35AAB163A0027001D7759 /* QuartzCore.framework */,
				C6B35AA71639FFC8001D7759 /* AVFoundation.framework */,
				C662A71615B73D4500F4E48F /* UIKit.framework */,
				C662A71815B73D4500F4E48F /* Foundation.framework */,
				C662A71A15B73D4500F4E48F /* CoreGraphics.framework */,
				C662A73715B73D4500F4E48F /* SenTestingKit.framework */,
			);
			name = Frameworks;
			sourceTree = "<group>";
		};
		C662A71C15B73D4500F4E48F /* ColorBlind */ = {
			isa = PBXGroup;
			children = (
				C66D155A17FBA3AE004D3E75 /* Images.xcassets */,
				C662A75215B73DB100F4E48F /* docs */,
				C61FA62F15B931C20042E728 /* Storyboards */,
				C6A20EC41649C0300079A80D /* utilities */,
				C6A20EC31649C0010079A80D /* models */,
				C6A20EC21649BFF70079A80D /* views */,
				C6A20EC01649BFEC0079A80D /* controllers */,
				C662A71D15B73D4500F4E48F /* Supporting Files */,
			);
			path = ColorBlind;
			sourceTree = "<group>";
		};
		C662A71D15B73D4500F4E48F /* Supporting Files */ = {
			isa = PBXGroup;
			children = (
				C61FA62315B9310C0042E728 /* VWW_ColorBlind_Configurations.h */,
				C662A72515B73D4500F4E48F /* VWW_AppDelegate.h */,
				C662A72615B73D4500F4E48F /* VWW_AppDelegate.m */,
				C662A71E15B73D4500F4E48F /* ColorBlind-Info.plist */,
				C662A71F15B73D4500F4E48F /* InfoPlist.strings */,
				C662A72215B73D4500F4E48F /* main.m */,
				C662A72415B73D4500F4E48F /* ColorBlind-Prefix.pch */,
			);
			name = "Supporting Files";
			sourceTree = "<group>";
		};
		C662A73D15B73D4500F4E48F /* ColorBlindTests */ = {
			isa = PBXGroup;
			children = (
				C6D98D1915C23CED002A85F0 /* ColorBlindTests.h */,
				C6D98D1715C23CE7002A85F0 /* ColorBlindTests.m */,
				C6D98D1415C23AC7002A85F0 /* VWW_Colors_unittest.h */,
				C6D98D1515C23AC7002A85F0 /* VWW_Colors_unittest.m */,
				C662A73E15B73D4500F4E48F /* Supporting Files */,
			);
			path = ColorBlindTests;
			sourceTree = "<group>";
		};
		C662A73E15B73D4500F4E48F /* Supporting Files */ = {
			isa = PBXGroup;
			children = (
				C662A73F15B73D4500F4E48F /* ColorBlindTests-Info.plist */,
				C662A74015B73D4500F4E48F /* InfoPlist.strings */,
			);
			name = "Supporting Files";
			sourceTree = "<group>";
		};
		C662A75215B73DB100F4E48F /* docs */ = {
			isa = PBXGroup;
			children = (
				C6F3338C15B8C22B00477797 /* README.txt */,
				C6295FB215B7AFA3009B2306 /* todo.txt */,
				C6E45D5015BE786E00626750 /* colors_simple.csv */,
				C6E45D5115BE786E00626750 /* colors_complex.csv */,
				C6BB4B3315C4F398001E372C /* custom.strings */,
				C6FCF7C615CA3703005D135C /* data.plist */,
				C66D157217FBAE39004D3E75 /* Localizable.strings */,
			);
			path = docs;
			sourceTree = SOURCE_ROOT;
		};
		C6A20EC01649BFEC0079A80D /* controllers */ = {
			isa = PBXGroup;
			children = (
				C66D155F17FBA7C8004D3E75 /* VWW_TabBarController.h */,
				C66D156017FBA7C8004D3E75 /* VWW_TabBarController.m */,
				C61FA62115B9310C0042E728 /* VWW_AboutViewController.h */,
				C61FA62215B9310C0042E728 /* VWW_AboutViewController.m */,
				C6BB4B0E15C38B5C001E372C /* VWW_ColorsCameraViewController.h */,
				C6BB4B0F15C38B5C001E372C /* VWW_ColorsCameraViewController.m */,
				C662A76315B754B900F4E48F /* VWW_ColorsTableViewController.h */,
				C662A76415B754B900F4E48F /* VWW_ColorsTableViewController.m */,
				C61007C215B7A33F00DA6D8E /* VWW_ColorsPickerViewController.h */,
				C61007C315B7A33F00DA6D8E /* VWW_ColorsPickerViewController.m */,
				C662A77315B791A900F4E48F /* VWW_ColorsSliderViewController.h */,
				C662A77415B791A900F4E48F /* VWW_ColorsSliderViewController.m */,
				C6E45D4B15BE6D3A00626750 /* VWW_ColorViewContoller.h */,
				C6E45D4C15BE6D3A00626750 /* VWW_ColorViewContoller.m */,
				C65DA6C915C52B530041D143 /* VWW_GradientImageTableViewController.h */,
				C65DA6CA15C52B530041D143 /* VWW_GradientImageTableViewController.m */,
				C66D156717FBAB21004D3E75 /* VWW_SettingsViewController.h */,
				C66D156817FBAB21004D3E75 /* VWW_SettingsViewController.m */,
			);
			name = controllers;
			sourceTree = "<group>";
		};
		C6A20EC21649BFF70079A80D /* views */ = {
			isa = PBXGroup;
			children = (
				C6A20EC51649C0500079A80D /* cells */,
				C6F7536415C616A400911E59 /* VWW_ColorTableCellColorView.h */,
				C6F7536515C616A400911E59 /* VWW_ColorTableCellColorView.m */,
				C6F3338615B8BFD600477797 /* VWW_ColorPickerView.h */,
				C6F3338715B8BFD600477797 /* VWW_ColorPickerView.m */,
				C6153E3215B9518F008C6B72 /* VWW_ColorPickerImageView.h */,
				C6153E3315B9518F008C6B72 /* VWW_ColorPickerImageView.m */,
				C6BB4B0615C373A5001E372C /* VWW_ColorPickerImageViewCrosshairsView.h */,
				C6BB4B0715C373A6001E372C /* VWW_ColorPickerImageViewCrosshairsView.m */,
				C6BB4B2015C39B69001E372C /* VWW_ColorsCameraPreviewView.h */,
				C6BB4B2115C39B69001E372C /* VWW_ColorsCameraPreviewView.m */,
				C61007C715B7A5EE00DA6D8E /* VWW_ColorView.h */,
				C61007C815B7A5EE00DA6D8E /* VWW_ColorView.m */,
			);
			name = views;
			sourceTree = "<group>";
		};
		C6A20EC31649C0010079A80D /* models */ = {
			isa = PBXGroup;
			children = (
				C662A75B15B741F500F4E48F /* VWW_Color.h */,
				C662A75C15B741F500F4E48F /* VWW_Color.m */,
				C65991E615BE4BEE0025C610 /* VWW_Colors.h */,
				C65991E715BE4BEE0025C610 /* VWW_Colors.m */,
				C662A76015B744A900F4E48F /* VWW_FileReader.h */,
				C662A76115B744A900F4E48F /* VWW_FileReader.m */,
				C61FA62615B9310C0042E728 /* VWW_WebService.h */,
				C61FA62715B9310C0042E728 /* VWW_WebService.m */,
			);
			name = models;
			sourceTree = "<group>";
		};
		C6A20EC41649C0300079A80D /* utilities */ = {
			isa = PBXGroup;
			children = (
				C61007C515B7A4CC00DA6D8E /* VWW_ColorsProtocol.h */,
				C662A76A15B7894600F4E48F /* NSNumber+htmlValue.h */,
				C662A76B15B7894600F4E48F /* NSNumber+htmlValue.m */,
			);
			name = utilities;
			sourceTree = "<group>";
		};
		C6A20EC51649C0500079A80D /* cells */ = {
			isa = PBXGroup;
			children = (
				C662A77015B78C5300F4E48F /* VWW_ColorTableCell.h */,
				C662A77115B78C5400F4E48F /* VWW_ColorTableCell.m */,
				C65DA6CD15C52C010041D143 /* VWW_GradientImageTableCell.h */,
				C65DA6CE15C52C010041D143 /* VWW_GradientImageTableCell.m */,
			);
			name = cells;
			sourceTree = "<group>";
		};
/* End PBXGroup section */

/* Begin PBXNativeTarget section */
		C662A71115B73D4400F4E48F /* ColorBlind */ = {
			isa = PBXNativeTarget;
			buildConfigurationList = C662A74815B73D4500F4E48F /* Build configuration list for PBXNativeTarget "ColorBlind" */;
			buildPhases = (
				C662A70E15B73D4400F4E48F /* Sources */,
				C662A70F15B73D4400F4E48F /* Frameworks */,
				C662A71015B73D4400F4E48F /* Resources */,
			);
			buildRules = (
			);
			dependencies = (
			);
			name = ColorBlind;
			productName = ColorBlind;
			productReference = C662A71215B73D4500F4E48F /* ColorBlind.app */;
			productType = "com.apple.product-type.application";
		};
		C662A73515B73D4500F4E48F /* ColorBlindTests */ = {
			isa = PBXNativeTarget;
			buildConfigurationList = C662A74B15B73D4500F4E48F /* Build configuration list for PBXNativeTarget "ColorBlindTests" */;
			buildPhases = (
				C662A73115B73D4500F4E48F /* Sources */,
				C662A73215B73D4500F4E48F /* Frameworks */,
				C662A73315B73D4500F4E48F /* Resources */,
				C662A73415B73D4500F4E48F /* ShellScript */,
			);
			buildRules = (
			);
			dependencies = (
				C662A73C15B73D4500F4E48F /* PBXTargetDependency */,
			);
			name = ColorBlindTests;
			productName = ColorBlindTests;
			productReference = C662A73615B73D4500F4E48F /* ColorBlindTests.octest */;
			productType = "com.apple.product-type.bundle";
		};
/* End PBXNativeTarget section */

/* Begin PBXProject section */
		C662A70915B73D4400F4E48F /* Project object */ = {
			isa = PBXProject;
			attributes = {
				LastUpgradeCheck = 0450;
			};
			buildConfigurationList = C662A70C15B73D4400F4E48F /* Build configuration list for PBXProject "ColorBlind" */;
			compatibilityVersion = "Xcode 3.2";
			developmentRegion = English;
			hasScannedForEncodings = 0;
			knownRegions = (
				en,
				es,
			);
			mainGroup = C662A70715B73D4400F4E48F;
			productRefGroup = C662A71315B73D4500F4E48F /* Products */;
			projectDirPath = "";
			projectRoot = "";
			targets = (
				C662A71115B73D4400F4E48F /* ColorBlind */,
				C662A73515B73D4500F4E48F /* ColorBlindTests */,
			);
		};
/* End PBXProject section */

/* Begin PBXResourcesBuildPhase section */
		C662A71015B73D4400F4E48F /* Resources */ = {
			isa = PBXResourcesBuildPhase;
			buildActionMask = 2147483647;
			files = (
				C662A72115B73D4500F4E48F /* InfoPlist.strings in Resources */,
				C66D155B17FBA3AE004D3E75 /* Images.xcassets in Resources */,
				C66D157017FBAE39004D3E75 /* Localizable.strings in Resources */,
				C662A72A15B73D4500F4E48F /* MainStoryboard_iPhone.storyboard in Resources */,
				C662A72D15B73D4500F4E48F /* MainStoryboard_iPad.storyboard in Resources */,
				C6295FB315B7AFA3009B2306 /* todo.txt in Resources */,
				C6F3338D15B8C22B00477797 /* README.txt in Resources */,
				C6E45D5215BE786E00626750 /* colors_simple.csv in Resources */,
				C6E45D5315BE786E00626750 /* colors_complex.csv in Resources */,
				C6BB4B3415C4F398001E372C /* custom.strings in Resources */,
				C6FCF7C715CA3703005D135C /* data.plist in Resources */,
			);
			runOnlyForDeploymentPostprocessing = 0;
		};
		C662A73315B73D4500F4E48F /* Resources */ = {
			isa = PBXResourcesBuildPhase;
			buildActionMask = 2147483647;
			files = (
				C662A74215B73D4500F4E48F /* InfoPlist.strings in Resources */,
			);
			runOnlyForDeploymentPostprocessing = 0;
		};
/* End PBXResourcesBuildPhase section */

/* Begin PBXShellScriptBuildPhase section */
		C662A73415B73D4500F4E48F /* ShellScript */ = {
			isa = PBXShellScriptBuildPhase;
			buildActionMask = 2147483647;
			files = (
			);
			inputPaths = (
			);
			outputPaths = (
			);
			runOnlyForDeploymentPostprocessing = 0;
			shellPath = /bin/sh;
			shellScript = "# Run the unit tests in this test bundle.\n\"${SYSTEM_DEVELOPER_DIR}/Tools/RunUnitTests\"\n";
		};
/* End PBXShellScriptBuildPhase section */

/* Begin PBXSourcesBuildPhase section */
		C662A70E15B73D4400F4E48F /* Sources */ = {
			isa = PBXSourcesBuildPhase;
			buildActionMask = 2147483647;
			files = (
				C662A72315B73D4500F4E48F /* main.m in Sources */,
				C662A72715B73D4500F4E48F /* VWW_AppDelegate.m in Sources */,
				C662A75D15B741F500F4E48F /* VWW_Color.m in Sources */,
				C662A76215B744A900F4E48F /* VWW_FileReader.m in Sources */,
				C662A76515B754B900F4E48F /* VWW_ColorsTableViewController.m in Sources */,
				C662A76C15B7894600F4E48F /* NSNumber+htmlValue.m in Sources */,
				C662A77215B78C5400F4E48F /* VWW_ColorTableCell.m in Sources */,
				C662A77515B791A900F4E48F /* VWW_ColorsSliderViewController.m in Sources */,
				C61007C415B7A33F00DA6D8E /* VWW_ColorsPickerViewController.m in Sources */,
				C61007C915B7A5EE00DA6D8E /* VWW_ColorView.m in Sources */,
				C66D156917FBAB21004D3E75 /* VWW_SettingsViewController.m in Sources */,
				C66D156117FBA7C8004D3E75 /* VWW_TabBarController.m in Sources */,
				C6F3338815B8BFD600477797 /* VWW_ColorPickerView.m in Sources */,
				C61FA62815B9310C0042E728 /* VWW_AboutViewController.m in Sources */,
				C61FA62A15B9310C0042E728 /* VWW_WebService.m in Sources */,
				C6153E3415B9518F008C6B72 /* VWW_ColorPickerImageView.m in Sources */,
				C65991E815BE4BEE0025C610 /* VWW_Colors.m in Sources */,
				C6E45D4D15BE6D3A00626750 /* VWW_ColorViewContoller.m in Sources */,
				C6BB4B0815C373A6001E372C /* VWW_ColorPickerImageViewCrosshairsView.m in Sources */,
				C6BB4B1715C39502001E372C /* VWW_ColorsCameraViewController.m in Sources */,
				C6BB4B2215C39B69001E372C /* VWW_ColorsCameraPreviewView.m in Sources */,
				C65DA6CB15C52B530041D143 /* VWW_GradientImageTableViewController.m in Sources */,
				C65DA6CF15C52C010041D143 /* VWW_GradientImageTableCell.m in Sources */,
				C6F7536615C616A400911E59 /* VWW_ColorTableCellColorView.m in Sources */,
			);
			runOnlyForDeploymentPostprocessing = 0;
		};
		C662A73115B73D4500F4E48F /* Sources */ = {
			isa = PBXSourcesBuildPhase;
			buildActionMask = 2147483647;
			files = (
				C6D98D1615C23AC7002A85F0 /* VWW_Colors_unittest.m in Sources */,
				C6D98D1815C23CE7002A85F0 /* ColorBlindTests.m in Sources */,
			);
			runOnlyForDeploymentPostprocessing = 0;
		};
/* End PBXSourcesBuildPhase section */

/* Begin PBXTargetDependency section */
		C662A73C15B73D4500F4E48F /* PBXTargetDependency */ = {
			isa = PBXTargetDependency;
			target = C662A71115B73D4400F4E48F /* ColorBlind */;
			targetProxy = C662A73B15B73D4500F4E48F /* PBXContainerItemProxy */;
		};
/* End PBXTargetDependency section */

/* Begin PBXVariantGroup section */
		C662A71F15B73D4500F4E48F /* InfoPlist.strings */ = {
			isa = PBXVariantGroup;
			children = (
				C662A72015B73D4500F4E48F /* en */,
				C66D156E17FBADD0004D3E75 /* es */,
			);
			name = InfoPlist.strings;
			sourceTree = "<group>";
		};
		C662A72815B73D4500F4E48F /* MainStoryboard_iPhone.storyboard */ = {
			isa = PBXVariantGroup;
			children = (
				C662A72915B73D4500F4E48F /* en */,
				C66D156C17FBADD0004D3E75 /* es */,
			);
			name = MainStoryboard_iPhone.storyboard;
			sourceTree = "<group>";
		};
		C662A72B15B73D4500F4E48F /* MainStoryboard_iPad.storyboard */ = {
			isa = PBXVariantGroup;
			children = (
				C662A72C15B73D4500F4E48F /* en */,
				C66D156D17FBADD0004D3E75 /* es */,
			);
			name = MainStoryboard_iPad.storyboard;
			sourceTree = "<group>";
		};
		C662A74015B73D4500F4E48F /* InfoPlist.strings */ = {
			isa = PBXVariantGroup;
			children = (
				C662A74115B73D4500F4E48F /* en */,
				C66D156F17FBADD0004D3E75 /* es */,
			);
			name = InfoPlist.strings;
			sourceTree = "<group>";
		};
		C66D157217FBAE39004D3E75 /* Localizable.strings */ = {
			isa = PBXVariantGroup;
			children = (
				C66D157117FBAE39004D3E75 /* en */,
				C66D157317FBAE46004D3E75 /* es */,
			);
			name = Localizable.strings;
			sourceTree = "<group>";
		};
/* End PBXVariantGroup section */

/* Begin XCBuildConfiguration section */
		C662A74615B73D4500F4E48F /* Debug */ = {
			isa = XCBuildConfiguration;
			buildSettings = {
				ALWAYS_SEARCH_USER_PATHS = NO;
				ARCHS = "$(ARCHS_STANDARD_32_BIT)";
				CODE_SIGN_IDENTITY = "iPhone Developer: zakk hoyt (65NJ4ZPC44)";
				"CODE_SIGN_IDENTITY[sdk=iphoneos*]" = "iPhone Developer: zakk hoyt (65NJ4ZPC44)";
				COPY_PHASE_STRIP = NO;
				GCC_C_LANGUAGE_STANDARD = gnu99;
				GCC_DYNAMIC_NO_PIC = NO;
				GCC_OPTIMIZATION_LEVEL = 0;
				GCC_PREPROCESSOR_DEFINITIONS = (
					"DEBUG=1",
					"$(inherited)",
				);
				GCC_SYMBOLS_PRIVATE_EXTERN = NO;
				GCC_VERSION = com.apple.compilers.llvm.clang.1_0;
				GCC_WARN_ABOUT_MISSING_PROTOTYPES = YES;
				GCC_WARN_ABOUT_RETURN_TYPE = YES;
				GCC_WARN_UNUSED_VARIABLE = YES;
				IPHONEOS_DEPLOYMENT_TARGET = 5.0;
				PROVISIONING_PROFILE = "827C7374-B6CB-4D88-9B13-00C986FC1B25";
				"PROVISIONING_PROFILE[sdk=iphoneos*]" = "827C7374-B6CB-4D88-9B13-00C986FC1B25";
				SDKROOT = iphoneos;
				TARGETED_DEVICE_FAMILY = "1,2";
			};
			name = Debug;
		};
		C662A74715B73D4500F4E48F /* Release */ = {
			isa = XCBuildConfiguration;
			buildSettings = {
				ALWAYS_SEARCH_USER_PATHS = NO;
				ARCHS = "$(ARCHS_STANDARD_32_BIT)";
				CODE_SIGN_IDENTITY = "iPhone Developer: zakk hoyt (65NJ4ZPC44)";
				"CODE_SIGN_IDENTITY[sdk=iphoneos*]" = "iPhone Developer: zakk hoyt (65NJ4ZPC44)";
				COPY_PHASE_STRIP = YES;
				GCC_C_LANGUAGE_STANDARD = gnu99;
				GCC_VERSION = com.apple.compilers.llvm.clang.1_0;
				GCC_WARN_ABOUT_MISSING_PROTOTYPES = YES;
				GCC_WARN_ABOUT_RETURN_TYPE = YES;
				GCC_WARN_UNUSED_VARIABLE = YES;
				IPHONEOS_DEPLOYMENT_TARGET = 5.0;
				OTHER_CFLAGS = "-DNS_BLOCK_ASSERTIONS=1";
				PROVISIONING_PROFILE = "827C7374-B6CB-4D88-9B13-00C986FC1B25";
				"PROVISIONING_PROFILE[sdk=iphoneos*]" = "827C7374-B6CB-4D88-9B13-00C986FC1B25";
				SDKROOT = iphoneos;
				TARGETED_DEVICE_FAMILY = "1,2";
				VALIDATE_PRODUCT = YES;
			};
			name = Release;
		};
		C662A74915B73D4500F4E48F /* Debug */ = {
			isa = XCBuildConfiguration;
			buildSettings = {
				ASSETCATALOG_COMPILER_APPICON_NAME = AppIcon;
				ASSETCATALOG_COMPILER_LAUNCHIMAGE_NAME = LaunchImage;
				CODE_SIGN_IDENTITY = "iPhone Developer: zakk hoyt (65NJ4ZPC44)";
				"CODE_SIGN_IDENTITY[sdk=*]" = "iPhone Developer: zakk hoyt (65NJ4ZPC44)";
				"CODE_SIGN_IDENTITY[sdk=iphoneos*]" = "iPhone Developer: zakk hoyt (65NJ4ZPC44)";
				FRAMEWORK_SEARCH_PATHS = "$(inherited)";
				GCC_PRECOMPILE_PREFIX_HEADER = YES;
				GCC_PREFIX_HEADER = "ColorBlind/ColorBlind-Prefix.pch";
				INFOPLIST_FILE = "ColorBlind/ColorBlind-Info.plist";
				INFOPLIST_PREPROCESS = NO;
				IPHONEOS_DEPLOYMENT_TARGET = 6.0;
				PRODUCT_NAME = "$(TARGET_NAME)";
				PROVISIONING_PROFILE = "54084FE7-DE30-494F-99B7-9A52B7559C36";
				"PROVISIONING_PROFILE[sdk=*]" = "54084FE7-DE30-494F-99B7-9A52B7559C36";
				"PROVISIONING_PROFILE[sdk=iphoneos*]" = "54084FE7-DE30-494F-99B7-9A52B7559C36";
				TARGETED_DEVICE_FAMILY = "1,2";
				WRAPPER_EXTENSION = app;
			};
			name = Debug;
		};
		C662A74A15B73D4500F4E48F /* Release */ = {
			isa = XCBuildConfiguration;
			buildSettings = {
				ASSETCATALOG_COMPILER_APPICON_NAME = AppIcon;
				ASSETCATALOG_COMPILER_LAUNCHIMAGE_NAME = LaunchImage;
				CODE_SIGN_IDENTITY = "iPhone Developer: zakk hoyt (65NJ4ZPC44)";
				"CODE_SIGN_IDENTITY[sdk=iphoneos*]" = "iPhone Developer: zakk hoyt (65NJ4ZPC44)";
				FRAMEWORK_SEARCH_PATHS = "$(inherited)";
				GCC_PRECOMPILE_PREFIX_HEADER = YES;
				GCC_PREFIX_HEADER = "ColorBlind/ColorBlind-Prefix.pch";
				INFOPLIST_FILE = "ColorBlind/ColorBlind-Info.plist";
				INFOPLIST_PREPROCESS = NO;
				IPHONEOS_DEPLOYMENT_TARGET = 6.0;
				PRODUCT_NAME = "$(TARGET_NAME)";
				PROVISIONING_PROFILE = "54084FE7-DE30-494F-99B7-9A52B7559C36";
				"PROVISIONING_PROFILE[sdk=iphoneos*]" = "54084FE7-DE30-494F-99B7-9A52B7559C36";
				TARGETED_DEVICE_FAMILY = "1,2";
				WRAPPER_EXTENSION = app;
			};
			name = Release;
		};
		C662A74C15B73D4500F4E48F /* Debug */ = {
			isa = XCBuildConfiguration;
			buildSettings = {
				BUNDLE_LOADER = "$(BUILT_PRODUCTS_DIR)/ColorBlind.app/ColorBlind";
				FRAMEWORK_SEARCH_PATHS = (
					"$(SDKROOT)/Developer/Library/Frameworks",
					"$(DEVELOPER_LIBRARY_DIR)/Frameworks",
				);
				GCC_PRECOMPILE_PREFIX_HEADER = YES;
				GCC_PREFIX_HEADER = "ColorBlind/ColorBlind-Prefix.pch";
				INFOPLIST_FILE = "ColorBlindTests/ColorBlindTests-Info.plist";
				PRODUCT_NAME = "$(TARGET_NAME)";
				TEST_HOST = "$(BUNDLE_LOADER)";
				WRAPPER_EXTENSION = octest;
			};
			name = Debug;
		};
		C662A74D15B73D4500F4E48F /* Release */ = {
			isa = XCBuildConfiguration;
			buildSettings = {
				BUNDLE_LOADER = "$(BUILT_PRODUCTS_DIR)/ColorBlind.app/ColorBlind";
				FRAMEWORK_SEARCH_PATHS = (
					"$(SDKROOT)/Developer/Library/Frameworks",
					"$(DEVELOPER_LIBRARY_DIR)/Frameworks",
				);
				GCC_PRECOMPILE_PREFIX_HEADER = YES;
				GCC_PREFIX_HEADER = "ColorBlind/ColorBlind-Prefix.pch";
				INFOPLIST_FILE = "ColorBlindTests/ColorBlindTests-Info.plist";
				PRODUCT_NAME = "$(TARGET_NAME)";
				TEST_HOST = "$(BUNDLE_LOADER)";
				WRAPPER_EXTENSION = octest;
			};
			name = Release;
		};
/* End XCBuildConfiguration section */

/* Begin XCConfigurationList section */
		C662A70C15B73D4400F4E48F /* Build configuration list for PBXProject "ColorBlind" */ = {
			isa = XCConfigurationList;
			buildConfigurations = (
				C662A74615B73D4500F4E48F /* Debug */,
				C662A74715B73D4500F4E48F /* Release */,
			);
			defaultConfigurationIsVisible = 0;
			defaultConfigurationName = Release;
		};
		C662A74815B73D4500F4E48F /* Build configuration list for PBXNativeTarget "ColorBlind" */ = {
			isa = XCConfigurationList;
			buildConfigurations = (
				C662A74915B73D4500F4E48F /* Debug */,
				C662A74A15B73D4500F4E48F /* Release */,
			);
			defaultConfigurationIsVisible = 0;
			defaultConfigurationName = Release;
		};
		C662A74B15B73D4500F4E48F /* Build configuration list for PBXNativeTarget "ColorBlindTests" */ = {
			isa = XCConfigurationList;
			buildConfigurations = (
				C662A74C15B73D4500F4E48F /* Debug */,
				C662A74D15B73D4500F4E48F /* Release */,
			);
			defaultConfigurationIsVisible = 0;
			defaultConfigurationName = Release;
		};
/* End XCConfigurationList section */
	};
	rootObject = C662A70915B73D4400F4E48F /* Project object */;
}
